
Microsoft Visual Studio Solution File, Format Version 12.00
# Visual Studio Version 16
VisualStudioVersion = 16.0.30804.86
MinimumVisualStudioVersion = 10.0.40219.1
Project("{FAE04EC0-301F-11D3-BF4B-00C04F79EFBC}") = "backend", "backend\backend.csproj", "{AEFA0D3C-0AC9-487C-ABBB-7B39F1F9A78E}"
EndProject
Global
	GlobalSection(SolutionConfigurationPlatforms) = preSolution
		Debug|Any CPU = Debug|Any CPU
		Release|Any CPU = Release|Any CPU
	EndGlobalSection
	GlobalSection(ProjectConfigurationPlatforms) = postSolution
		{AEFA0D3C-0AC9-487C-ABBB-7B39F1F9A78E}.Debug|Any CPU.ActiveCfg = Debug|Any CPU
		{AEFA0D3C-0AC9-487C-ABBB-7B39F1F9A78E}.Debug|Any CPU.Build.0 = Debug|Any CPU
		{AEFA0D3C-0AC9-487C-ABBB-7B39F1F9A78E}.Release|Any CPU.ActiveCfg = Release|Any CPU
		{AEFA0D3C-0AC9-487C-ABBB-7B39F1F9A78E}.Release|Any CPU.Build.0 = Release|Any CPU
	EndGlobalSection
	GlobalSection(SolutionProperties) = preSolution
		HideSolutionNode = FALSE
	EndGlobalSection
	GlobalSection(ExtensibilityGlobals) = postSolution
		SolutionGuid = {F1EC4B75-25F1-47F3-B3E9-44A65E09467E}
	EndGlobalSection
EndGlobal
